<?xml version="1.0" encoding="utf-8"?>
<Project ToolsVersion="4.0" xmlns="http://schemas.microsoft.com/developer/msbuild/2003">
  <ItemGroup>
    <Filter Include="Source Files">
      <UniqueIdentifier>{4FC737F1-C7A5-4376-A066-2A32D752A2FF}</UniqueIdentifier>
      <Extensions>cpp;c;cc;cxx;def;odl;idl;hpj;bat;asm;asmx</Extensions>
    </Filter>
    <Filter Include="Header Files">
      <UniqueIdentifier>{93995380-89BD-4b04-88EB-625FBE52EBFB}</UniqueIdentifier>
      <Extensions>h;hpp;hxx;hm;inl;inc;xsd</Extensions>
    </Filter>
    <Filter Include="Resource Files">
      <UniqueIdentifier>{67DA6AB6-F800-4c08-8B7A-83BB121AAD01}</UniqueIdentifier>
      <Extensions>rc;ico;cur;bmp;dlg;rc2;rct;bin;rgs;gif;jpg;jpeg;jpe;resx;tiff;tif;png;wav;mfcribbon-ms</Extensions>
    </Filter>
  </ItemGroup>
  <ItemGroup>
    <ClCompile Include="source\Main.cpp">
      <Filter>Source Files</Filter>
    </ClCompile>
    <ClCompile Include="source\TestClass1.cpp">
      <Filter>Source Files</Filter>
    </ClCompile>
    <ClCompile Include="source\MemAllocatorGen.cpp">
      <Filter>Source Files</Filter>
    </ClCompile>
    <ClCompile Include="source\MemUtility.cpp">
      <Filter>Source Files</Filter>
    </ClCompile>
    <ClCompile Include="source\RawMemory.cpp">
      <Filter>Source Files</Filter>
    </ClCompile>
    <ClCompile Include="source\MemBank_FirstFit.cpp">
      <Filter>Source Files</Filter>
    </ClCompile>
    <ClCompile Include="source\Page.cpp">
      <Filter>Source Files</Filter>
    </ClCompile>
    <ClCompile Include="source\AllocatorDebug.cpp">
      <Filter>Source Files</Filter>
    </ClCompile>
    <ClCompile Include="source\Allocator.cpp">
      <Filter>Source Files</Filter>
    </ClCompile>
    <ClCompile Include="source\AllocatorRelease.cpp">
      <Filter>Source Files</Filter>
    </ClCompile>
    <ClCompile Include="source\MemBank_Linear.cpp">
      <Filter>Source Files</Filter>
    </ClCompile>
    <ClCompile Include="source\Block.cpp">
      <Filter>Source Files</Filter>
    </ClCompile>
    <ClCompile Include="source\Pool.cpp">
      <Filter>Source Files</Filter>
    </ClCompile>
    <ClCompile Include="source\MemBank_Pooled.cpp">
      <Filter>Source Files</Filter>
    </ClCompile>
    <ClCompile Include="source\Tracker.cpp">
      <Filter>Source Files</Filter>
    </ClCompile>
  </ItemGroup>
  <ItemGroup>
    <ClInclude Include="source\MemDefines.h">
      <Filter>Header Files</Filter>
    </ClInclude>
    <ClInclude Include="source\TestClass1.h">
      <Filter>Header Files</Filter>
    </ClInclude>
    <ClInclude Include="source\MemAllocatorGen.h">
      <Filter>Header Files</Filter>
    </ClInclude>
    <ClInclude Include="source\MemUtility.h">
      <Filter>Header Files</Filter>
    </ClInclude>
    <ClInclude Include="source\mallocator.hpp">
      <Filter>Header Files</Filter>
    </ClInclude>
    <ClInclude Include="source\RawMemory.h">
      <Filter>Header Files</Filter>
    </ClInclude>
    <ClInclude Include="source\MemBank_FirstFit.h">
      <Filter>Header Files</Filter>
    </ClInclude>
    <ClInclude Include="source\MemBank.h">
      <Filter>Header Files</Filter>
    </ClInclude>
    <ClInclude Include="source\Page.h">
      <Filter>Header Files</Filter>
    </ClInclude>
    <ClInclude Include="source\AllocatorDebug.h">
      <Filter>Header Files</Filter>
    </ClInclude>
    <ClInclude Include="source\Allocator.h">
      <Filter>Header Files</Filter>
    </ClInclude>
    <ClInclude Include="source\AllocatorRelease.h">
      <Filter>Header Files</Filter>
    </ClInclude>
    <ClInclude Include="source\MemBank_Linear.h">
      <Filter>Header Files</Filter>
    </ClInclude>
    <ClInclude Include="source\Block.h">
      <Filter>Header Files</Filter>
    </ClInclude>
    <ClInclude Include="source\Pool.h">
      <Filter>Header Files</Filter>
    </ClInclude>
    <ClInclude Include="source\MemBank_Pooled.h">
      <Filter>Header Files</Filter>
    </ClInclude>
    <ClInclude Include="source\Tracker.h">
      <Filter>Header Files</Filter>
    </ClInclude>
  </ItemGroup>
</Project>